// !$*UTF8*$!
{
	archiveVersion = 1;
	classes = {
	};
	objectVersion = 56;
	objects = {

/* Begin PBXBuildFile section */
		A01 /* MorseTrainerApp.swift in Sources */ = {isa = PBXBuildFile; fileRef = B01 /* MorseTrainerApp.swift */; };
		A02 /* MorseCharacter.swift in Sources */ = {isa = PBXBuildFile; fileRef = B02 /* MorseCharacter.swift */; };
		A03 /* KochSequence.swift in Sources */ = {isa = PBXBuildFile; fileRef = B03 /* KochSequence.swift */; };
		A04 /* UserProgress.swift in Sources */ = {isa = PBXBuildFile; fileRef = B04 /* UserProgress.swift */; };
		A05 /* AudioEngine.swift in Sources */ = {isa = PBXBuildFile; fileRef = B05 /* AudioEngine.swift */; };
		A06 /* ProgressManager.swift in Sources */ = {isa = PBXBuildFile; fileRef = B06 /* ProgressManager.swift */; };
		A07 /* DrillViewModel.swift in Sources */ = {isa = PBXBuildFile; fileRef = B07 /* DrillViewModel.swift */; };
		A08 /* SettingsViewModel.swift in Sources */ = {isa = PBXBuildFile; fileRef = B08 /* SettingsViewModel.swift */; };
		A09 /* MainMenuView.swift in Sources */ = {isa = PBXBuildFile; fileRef = B09 /* MainMenuView.swift */; };
		A10 /* DrillView.swift in Sources */ = {isa = PBXBuildFile; fileRef = B10 /* DrillView.swift */; };
		A11 /* SettingsView.swift in Sources */ = {isa = PBXBuildFile; fileRef = B11 /* SettingsView.swift */; };
		A12 /* StatsView.swift in Sources */ = {isa = PBXBuildFile; fileRef = B12 /* StatsView.swift */; };
		A13 /* CharacterButton.swift in Sources */ = {isa = PBXBuildFile; fileRef = B13 /* CharacterButton.swift */; };
		A14 /* Assets.xcassets in Resources */ = {isa = PBXBuildFile; fileRef = B14 /* Assets.xcassets */; };
		A15 /* HapticManager.swift in Sources */ = {isa = PBXBuildFile; fileRef = B15 /* HapticManager.swift */; };
		A16 /* HeadCopyViewModel.swift in Sources */ = {isa = PBXBuildFile; fileRef = B16 /* HeadCopyViewModel.swift */; };
		A17 /* HeadCopyView.swift in Sources */ = {isa = PBXBuildFile; fileRef = B17 /* HeadCopyView.swift */; };
		A18 /* LiveCopyViewModel.swift in Sources */ = {isa = PBXBuildFile; fileRef = B18 /* LiveCopyViewModel.swift */; };
		A19 /* LiveCopyView.swift in Sources */ = {isa = PBXBuildFile; fileRef = B19 /* LiveCopyView.swift */; };
		A20 /* InputSlotsView.swift in Sources */ = {isa = PBXBuildFile; fileRef = B20 /* InputSlotsView.swift */; };
		T20B /* UserProgressTests.swift in Sources */ = {isa = PBXBuildFile; fileRef = T20 /* UserProgressTests.swift */; };
		T21B /* DrillViewModelTests.swift in Sources */ = {isa = PBXBuildFile; fileRef = T21 /* DrillViewModelTests.swift */; };
		T22B /* ProgressManagerTests.swift in Sources */ = {isa = PBXBuildFile; fileRef = T22 /* ProgressManagerTests.swift */; };
		T23B /* AudioEngineTests.swift in Sources */ = {isa = PBXBuildFile; fileRef = T23 /* AudioEngineTests.swift */; };
		T24B /* LiveCopyViewModelTests.swift in Sources */ = {isa = PBXBuildFile; fileRef = T24 /* LiveCopyViewModelTests.swift */; };
/* End PBXBuildFile section */

/* Begin PBXContainerItemProxy section */
		T11 /* PBXContainerItemProxy */ = {
			isa = PBXContainerItemProxy;
			containerPortal = G00 /* Project object */;
			proxyType = 1;
			remoteGlobalIDString = E00;
			remoteInfo = MorseTrainer;
		};
/* End PBXContainerItemProxy section */

/* Begin PBXFileReference section */
		B00 /* MorseTrainer.app */ = {isa = PBXFileReference; explicitFileType = wrapper.application; includeInIndex = 0; path = MorseTrainer.app; sourceTree = BUILT_PRODUCTS_DIR; };
		B01 /* MorseTrainerApp.swift */ = {isa = PBXFileReference; lastKnownFileType = sourcecode.swift; path = MorseTrainerApp.swift; sourceTree = "<group>"; };
		B02 /* MorseCharacter.swift */ = {isa = PBXFileReference; lastKnownFileType = sourcecode.swift; path = MorseCharacter.swift; sourceTree = "<group>"; };
		B03 /* KochSequence.swift */ = {isa = PBXFileReference; lastKnownFileType = sourcecode.swift; path = KochSequence.swift; sourceTree = "<group>"; };
		B04 /* UserProgress.swift */ = {isa = PBXFileReference; lastKnownFileType = sourcecode.swift; path = UserProgress.swift; sourceTree = "<group>"; };
		B05 /* AudioEngine.swift */ = {isa = PBXFileReference; lastKnownFileType = sourcecode.swift; path = AudioEngine.swift; sourceTree = "<group>"; };
		B06 /* ProgressManager.swift */ = {isa = PBXFileReference; lastKnownFileType = sourcecode.swift; path = ProgressManager.swift; sourceTree = "<group>"; };
		B07 /* DrillViewModel.swift */ = {isa = PBXFileReference; lastKnownFileType = sourcecode.swift; path = DrillViewModel.swift; sourceTree = "<group>"; };
		B08 /* SettingsViewModel.swift */ = {isa = PBXFileReference; lastKnownFileType = sourcecode.swift; path = SettingsViewModel.swift; sourceTree = "<group>"; };
		B09 /* MainMenuView.swift */ = {isa = PBXFileReference; lastKnownFileType = sourcecode.swift; path = MainMenuView.swift; sourceTree = "<group>"; };
		B10 /* DrillView.swift */ = {isa = PBXFileReference; lastKnownFileType = sourcecode.swift; path = DrillView.swift; sourceTree = "<group>"; };
		B11 /* SettingsView.swift */ = {isa = PBXFileReference; lastKnownFileType = sourcecode.swift; path = SettingsView.swift; sourceTree = "<group>"; };
		B12 /* StatsView.swift */ = {isa = PBXFileReference; lastKnownFileType = sourcecode.swift; path = StatsView.swift; sourceTree = "<group>"; };
		B13 /* CharacterButton.swift */ = {isa = PBXFileReference; lastKnownFileType = sourcecode.swift; path = CharacterButton.swift; sourceTree = "<group>"; };
		B14 /* Assets.xcassets */ = {isa = PBXFileReference; lastKnownFileType = folder.assetcatalog; path = Assets.xcassets; sourceTree = "<group>"; };
		B15 /* HapticManager.swift */ = {isa = PBXFileReference; lastKnownFileType = sourcecode.swift; path = HapticManager.swift; sourceTree = "<group>"; };
		B16 /* HeadCopyViewModel.swift */ = {isa = PBXFileReference; lastKnownFileType = sourcecode.swift; path = HeadCopyViewModel.swift; sourceTree = "<group>"; };
		B17 /* HeadCopyView.swift */ = {isa = PBXFileReference; lastKnownFileType = sourcecode.swift; path = HeadCopyView.swift; sourceTree = "<group>"; };
		B18 /* LiveCopyViewModel.swift */ = {isa = PBXFileReference; lastKnownFileType = sourcecode.swift; path = LiveCopyViewModel.swift; sourceTree = "<group>"; };
		B19 /* LiveCopyView.swift */ = {isa = PBXFileReference; lastKnownFileType = sourcecode.swift; path = LiveCopyView.swift; sourceTree = "<group>"; };
		B20 /* InputSlotsView.swift */ = {isa = PBXFileReference; lastKnownFileType = sourcecode.swift; path = InputSlotsView.swift; sourceTree = "<group>"; };
		T00 /* MorseTrainerTests.xctest */ = {isa = PBXFileReference; explicitFileType = wrapper.cfbundle; includeInIndex = 0; path = MorseTrainerTests.xctest; sourceTree = BUILT_PRODUCTS_DIR; };
		T20 /* UserProgressTests.swift */ = {isa = PBXFileReference; lastKnownFileType = sourcecode.swift; path = UserProgressTests.swift; sourceTree = "<group>"; };
		T21 /* DrillViewModelTests.swift */ = {isa = PBXFileReference; lastKnownFileType = sourcecode.swift; path = DrillViewModelTests.swift; sourceTree = "<group>"; };
		T22 /* ProgressManagerTests.swift */ = {isa = PBXFileReference; lastKnownFileType = sourcecode.swift; path = ProgressManagerTests.swift; sourceTree = "<group>"; };
		T23 /* AudioEngineTests.swift */ = {isa = PBXFileReference; lastKnownFileType = sourcecode.swift; path = AudioEngineTests.swift; sourceTree = "<group>"; };
		T24 /* LiveCopyViewModelTests.swift */ = {isa = PBXFileReference; lastKnownFileType = sourcecode.swift; path = LiveCopyViewModelTests.swift; sourceTree = "<group>"; };
/* End PBXFileReference section */

/* Begin PBXFrameworksBuildPhase section */
		C00 /* Frameworks */ = {
			isa = PBXFrameworksBuildPhase;
			buildActionMask = 2147483647;
			files = (
			);
			runOnlyForDeploymentPostprocessing = 0;
		};
		T03 /* Frameworks */ = {
			isa = PBXFrameworksBuildPhase;
			buildActionMask = 2147483647;
			files = (
			);
			runOnlyForDeploymentPostprocessing = 0;
		};
/* End PBXFrameworksBuildPhase section */

/* Begin PBXGroup section */
		D00 = {
			isa = PBXGroup;
			children = (
				D01 /* MorseTrainer */,
				T08 /* MorseTrainerTests */,
				D02 /* Products */,
			);
			sourceTree = "<group>";
		};
		D01 /* MorseTrainer */ = {
			isa = PBXGroup;
			children = (
				B01 /* MorseTrainerApp.swift */,
				D03 /* Models */,
				D04 /* Services */,
				D05 /* ViewModels */,
				D06 /* Views */,
				B14 /* Assets.xcassets */,
			);
			name = MorseTrainer;
			sourceTree = "<group>";
		};
		D02 /* Products */ = {
			isa = PBXGroup;
			children = (
				B00 /* MorseTrainer.app */,
				T00 /* MorseTrainerTests.xctest */,
			);
			name = Products;
			sourceTree = "<group>";
		};
		D03 /* Models */ = {
			isa = PBXGroup;
			children = (
				B02 /* MorseCharacter.swift */,
				B03 /* KochSequence.swift */,
				B04 /* UserProgress.swift */,
			);
			path = Models;
			sourceTree = "<group>";
		};
		D04 /* Services */ = {
			isa = PBXGroup;
			children = (
				B05 /* AudioEngine.swift */,
				B15 /* HapticManager.swift */,
				B06 /* ProgressManager.swift */,
			);
			path = Services;
			sourceTree = "<group>";
		};
		D05 /* ViewModels */ = {
			isa = PBXGroup;
			children = (
				B07 /* DrillViewModel.swift */,
				B16 /* HeadCopyViewModel.swift */,
				B18 /* LiveCopyViewModel.swift */,
				B08 /* SettingsViewModel.swift */,
			);
			path = ViewModels;
			sourceTree = "<group>";
		};
		D06 /* Views */ = {
			isa = PBXGroup;
			children = (
				B09 /* MainMenuView.swift */,
				B10 /* DrillView.swift */,
				B17 /* HeadCopyView.swift */,
				B19 /* LiveCopyView.swift */,
				B11 /* SettingsView.swift */,
				B12 /* StatsView.swift */,
				D07 /* Components */,
			);
			path = Views;
			sourceTree = "<group>";
		};
		D07 /* Components */ = {
			isa = PBXGroup;
			children = (
				B13 /* CharacterButton.swift */,
				B20 /* InputSlotsView.swift */,
			);
			path = Components;
			sourceTree = "<group>";
		};
		T08 /* MorseTrainerTests */ = {
			isa = PBXGroup;
			children = (
				T20 /* UserProgressTests.swift */,
				T21 /* DrillViewModelTests.swift */,
				T22 /* ProgressManagerTests.swift */,
				T23 /* AudioEngineTests.swift */,
				T24 /* LiveCopyViewModelTests.swift */,
			);
			path = MorseTrainerTests;
			sourceTree = "<group>";
		};
/* End PBXGroup section */

/* Begin PBXNativeTarget section */
		E00 /* MorseTrainer */ = {
			isa = PBXNativeTarget;
			buildConfigurationList = F02 /* Build configuration list for PBXNativeTarget "MorseTrainer" */;
			buildPhases = (
				E01 /* Sources */,
				C00 /* Frameworks */,
				E02 /* Resources */,
			);
			buildRules = (
			);
			dependencies = (
			);
			name = MorseTrainer;
			productName = MorseTrainer;
			productReference = B00 /* MorseTrainer.app */;
			productType = "com.apple.product-type.application";
		};
		T01 /* MorseTrainerTests */ = {
			isa = PBXNativeTarget;
			buildConfigurationList = T05 /* Build configuration list for PBXNativeTarget "MorseTrainerTests" */;
			buildPhases = (
				T02 /* Sources */,
				T03 /* Frameworks */,
				T04 /* Resources */,
			);
			buildRules = (
			);
			dependencies = (
				T10 /* PBXTargetDependency */,
			);
			name = MorseTrainerTests;
			productName = MorseTrainerTests;
			productReference = T00 /* MorseTrainerTests.xctest */;
			productType = "com.apple.product-type.bundle.unit-test";
		};
/* End PBXNativeTarget section */

/* Begin PBXProject section */
		G00 /* Project object */ = {
			isa = PBXProject;
			attributes = {
				BuildIndependentTargetsInParallel = 1;
				LastSwiftUpdateCheck = 1500;
				LastUpgradeCheck = 1500;
				TargetAttributes = {
					E00 = {
						CreatedOnToolsVersion = 15.0;
					};
					T01 = {
						CreatedOnToolsVersion = 15.0;
						TestTargetID = E00;
					};
				};
			};
			buildConfigurationList = F00 /* Build configuration list for PBXProject "MorseTrainer" */;
			compatibilityVersion = "Xcode 14.0";
			developmentRegion = en;
			hasScannedForEncodings = 0;
			knownRegions = (
				en,
				Base,
			);
			mainGroup = D00;
			productRefGroup = D02 /* Products */;
			projectDirPath = "";
			projectRoot = "";
			targets = (
				E00 /* MorseTrainer */,
				T01 /* MorseTrainerTests */,
			);
		};
/* End PBXProject section */

/* Begin PBXResourcesBuildPhase section */
		E02 /* Resources */ = {
			isa = PBXResourcesBuildPhase;
			buildActionMask = 2147483647;
			files = (
				A14 /* Assets.xcassets in Resources */,
			);
			runOnlyForDeploymentPostprocessing = 0;
		};
		T04 /* Resources */ = {
			isa = PBXResourcesBuildPhase;
			buildActionMask = 2147483647;
			files = (
			);
			runOnlyForDeploymentPostprocessing = 0;
		};
/* End PBXResourcesBuildPhase section */

/* Begin PBXSourcesBuildPhase section */
		E01 /* Sources */ = {
			isa = PBXSourcesBuildPhase;
			buildActionMask = 2147483647;
			files = (
				A01 /* MorseTrainerApp.swift in Sources */,
				A02 /* MorseCharacter.swift in Sources */,
				A03 /* KochSequence.swift in Sources */,
				A04 /* UserProgress.swift in Sources */,
				A05 /* AudioEngine.swift in Sources */,
				A06 /* ProgressManager.swift in Sources */,
				A07 /* DrillViewModel.swift in Sources */,
				A08 /* SettingsViewModel.swift in Sources */,
				A09 /* MainMenuView.swift in Sources */,
				A10 /* DrillView.swift in Sources */,
				A11 /* SettingsView.swift in Sources */,
				A12 /* StatsView.swift in Sources */,
				A13 /* CharacterButton.swift in Sources */,
				A15 /* HapticManager.swift in Sources */,
				A16 /* HeadCopyViewModel.swift in Sources */,
				A17 /* HeadCopyView.swift in Sources */,
				A18 /* LiveCopyViewModel.swift in Sources */,
				A19 /* LiveCopyView.swift in Sources */,
				A20 /* InputSlotsView.swift in Sources */,
			);
			runOnlyForDeploymentPostprocessing = 0;
		};
		T02 /* Sources */ = {
			isa = PBXSourcesBuildPhase;
			buildActionMask = 2147483647;
			files = (
				T20B /* UserProgressTests.swift in Sources */,
				T21B /* DrillViewModelTests.swift in Sources */,
				T22B /* ProgressManagerTests.swift in Sources */,
				T23B /* AudioEngineTests.swift in Sources */,
				T24B /* LiveCopyViewModelTests.swift in Sources */,
			);
			runOnlyForDeploymentPostprocessing = 0;
		};
/* End PBXSourcesBuildPhase section */

/* Begin PBXTargetDependency section */
		T10 /* PBXTargetDependency */ = {
			isa = PBXTargetDependency;
			target = E00 /* MorseTrainer */;
			targetProxy = T11 /* PBXContainerItemProxy */;
		};
/* End PBXTargetDependency section */

/* Begin XCBuildConfiguration section */
		H00 /* Debug */ = {
			isa = XCBuildConfiguration;
			buildSettings = {
				ALWAYS_SEARCH_USER_PATHS = NO;
				ASSETCATALOG_COMPILER_GENERATE_SWIFT_ASSET_SYMBOL_EXTENSIONS = YES;
				CLANG_ANALYZER_NONNULL = YES;
				CLANG_ANALYZER_NUMBER_OBJECT_CONVERSION = YES_AGGRESSIVE;
				CLANG_CXX_LANGUAGE_STANDARD = "gnu++20";
				CLANG_ENABLE_MODULES = YES;
				CLANG_ENABLE_OBJC_ARC = YES;
				CLANG_ENABLE_OBJC_WEAK = YES;
				CLANG_WARN_BLOCK_CAPTURE_AUTORELEASING = YES;
				CLANG_WARN_BOOL_CONVERSION = YES;
				CLANG_WARN_COMMA = YES;
				CLANG_WARN_CONSTANT_CONVERSION = YES;
				CLANG_WARN_DEPRECATED_OBJC_IMPLEMENTATIONS = YES;
				CLANG_WARN_DIRECT_OBJC_ISA_USAGE = YES_ERROR;
				CLANG_WARN_DOCUMENTATION_COMMENTS = YES;
				CLANG_WARN_EMPTY_BODY = YES;
				CLANG_WARN_ENUM_CONVERSION = YES;
				CLANG_WARN_INFINITE_RECURSION = YES;
				CLANG_WARN_INT_CONVERSION = YES;
				CLANG_WARN_NON_LITERAL_NULL_CONVERSION = YES;
				CLANG_WARN_OBJC_IMPLICIT_RETAIN_SELF = YES;
				CLANG_WARN_OBJC_LITERAL_CONVERSION = YES;
				CLANG_WARN_OBJC_ROOT_CLASS = YES_ERROR;
				CLANG_WARN_QUOTED_INCLUDE_IN_FRAMEWORK_HEADER = YES;
				CLANG_WARN_RANGE_LOOP_ANALYSIS = YES;
				CLANG_WARN_STRICT_PROTOTYPES = YES;
				CLANG_WARN_SUSPICIOUS_MOVE = YES;
				CLANG_WARN_UNGUARDED_AVAILABILITY = YES_AGGRESSIVE;
				CLANG_WARN_UNREACHABLE_CODE = YES;
				CLANG_WARN__DUPLICATE_METHOD_MATCH = YES;
				COPY_PHASE_STRIP = NO;
				DEBUG_INFORMATION_FORMAT = dwarf;
				ENABLE_STRICT_OBJC_MSGSEND = YES;
				ENABLE_TESTABILITY = YES;
				ENABLE_USER_SCRIPT_SANDBOXING = YES;
				GCC_C_LANGUAGE_STANDARD = gnu17;
				GCC_DYNAMIC_NO_PIC = NO;
				GCC_NO_COMMON_BLOCKS = YES;
				GCC_OPTIMIZATION_LEVEL = 0;
				GCC_PREPROCESSOR_DEFINITIONS = (
					"DEBUG=1",
					"$(inherited)",
				);
				GCC_WARN_64_TO_32_BIT_CONVERSION = YES;
				GCC_WARN_ABOUT_RETURN_TYPE = YES_ERROR;
				GCC_WARN_UNDECLARED_SELECTOR = YES;
				GCC_WARN_UNINITIALIZED_AUTOS = YES_AGGRESSIVE;
				GCC_WARN_UNUSED_FUNCTION = YES;
				GCC_WARN_UNUSED_VARIABLE = YES;
				IPHONEOS_DEPLOYMENT_TARGET = 17.0;
				LOCALIZATION_PREFERS_STRING_CATALOGS = YES;
				MTL_ENABLE_DEBUG_INFO = INCLUDE_SOURCE;
				MTL_FAST_MATH = YES;
				ONLY_ACTIVE_ARCH = YES;
				SDKROOT = iphoneos;
				SWIFT_ACTIVE_COMPILATION_CONDITIONS = "DEBUG $(inherited)";
				SWIFT_OPTIMIZATION_LEVEL = "-Onone";
			};
			name = Debug;
		};
		H01 /* Release */ = {
			isa = XCBuildConfiguration;
			buildSettings = {
				ALWAYS_SEARCH_USER_PATHS = NO;
				ASSETCATALOG_COMPILER_GENERATE_SWIFT_ASSET_SYMBOL_EXTENSIONS = YES;
				CLANG_ANALYZER_NONNULL = YES;
				CLANG_ANALYZER_NUMBER_OBJECT_CONVERSION = YES_AGGRESSIVE;
				CLANG_CXX_LANGUAGE_STANDARD = "gnu++20";
				CLANG_ENABLE_MODULES = YES;
				CLANG_ENABLE_OBJC_ARC = YES;
				CLANG_ENABLE_OBJC_WEAK = YES;
				CLANG_WARN_BLOCK_CAPTURE_AUTORELEASING = YES;
				CLANG_WARN_BOOL_CONVERSION = YES;
				CLANG_WARN_COMMA = YES;
				CLANG_WARN_CONSTANT_CONVERSION = YES;
				CLANG_WARN_DEPRECATED_OBJC_IMPLEMENTATIONS = YES;
				CLANG_WARN_DIRECT_OBJC_ISA_USAGE = YES_ERROR;
				CLANG_WARN_DOCUMENTATION_COMMENTS = YES;
				CLANG_WARN_EMPTY_BODY = YES;
				CLANG_WARN_ENUM_CONVERSION = YES;
				CLANG_WARN_INFINITE_RECURSION = YES;
				CLANG_WARN_INT_CONVERSION = YES;
				CLANG_WARN_NON_LITERAL_NULL_CONVERSION = YES;
				CLANG_WARN_OBJC_IMPLICIT_RETAIN_SELF = YES;
				CLANG_WARN_OBJC_LITERAL_CONVERSION = YES;
				CLANG_WARN_OBJC_ROOT_CLASS = YES_ERROR;
				CLANG_WARN_QUOTED_INCLUDE_IN_FRAMEWORK_HEADER = YES;
				CLANG_WARN_RANGE_LOOP_ANALYSIS = YES;
				CLANG_WARN_STRICT_PROTOTYPES = YES;
				CLANG_WARN_SUSPICIOUS_MOVE = YES;
				CLANG_WARN_UNGUARDED_AVAILABILITY = YES_AGGRESSIVE;
				CLANG_WARN_UNREACHABLE_CODE = YES;
				CLANG_WARN__DUPLICATE_METHOD_MATCH = YES;
				COPY_PHASE_STRIP = NO;
				DEBUG_INFORMATION_FORMAT = "dwarf-with-dsym";
				ENABLE_NS_ASSERTIONS = NO;
				ENABLE_STRICT_OBJC_MSGSEND = YES;
				ENABLE_USER_SCRIPT_SANDBOXING = YES;
				GCC_C_LANGUAGE_STANDARD = gnu17;
				GCC_NO_COMMON_BLOCKS = YES;
				GCC_WARN_64_TO_32_BIT_CONVERSION = YES;
				GCC_WARN_ABOUT_RETURN_TYPE = YES_ERROR;
				GCC_WARN_UNDECLARED_SELECTOR = YES;
				GCC_WARN_UNINITIALIZED_AUTOS = YES_AGGRESSIVE;
				GCC_WARN_UNUSED_FUNCTION = YES;
				GCC_WARN_UNUSED_VARIABLE = YES;
				IPHONEOS_DEPLOYMENT_TARGET = 17.0;
				LOCALIZATION_PREFERS_STRING_CATALOGS = YES;
				MTL_ENABLE_DEBUG_INFO = NO;
				MTL_FAST_MATH = YES;
				SDKROOT = iphoneos;
				SWIFT_COMPILATION_MODE = wholemodule;
				VALIDATE_PRODUCT = YES;
			};
			name = Release;
		};
		H02 /* Debug */ = {
			isa = XCBuildConfiguration;
			buildSettings = {
				ASSETCATALOG_COMPILER_APPICON_NAME = AppIcon;
				ASSETCATALOG_COMPILER_GLOBAL_ACCENT_COLOR_NAME = AccentColor;
				CODE_SIGN_STYLE = Automatic;
				CURRENT_PROJECT_VERSION = 1;
				DEVELOPMENT_TEAM = GCRLV5UC4Q;
				ENABLE_PREVIEWS = YES;
				GENERATE_INFOPLIST_FILE = YES;
				INFOPLIST_FILE = Info.plist;
				INFOPLIST_KEY_CFBundleDisplayName = CWCarver;
				INFOPLIST_KEY_UIApplicationSceneManifest_Generation = YES;
				INFOPLIST_KEY_UIApplicationSupportsIndirectInputEvents = YES;
				INFOPLIST_KEY_UILaunchScreen_Generation = YES;
				INFOPLIST_KEY_UISupportedInterfaceOrientations_iPad = "UIInterfaceOrientationPortrait UIInterfaceOrientationPortraitUpsideDown UIInterfaceOrientationLandscapeLeft UIInterfaceOrientationLandscapeRight";
				INFOPLIST_KEY_UISupportedInterfaceOrientations_iPhone = "UIInterfaceOrientationPortrait UIInterfaceOrientationLandscapeLeft UIInterfaceOrientationLandscapeRight";
				LD_RUNPATH_SEARCH_PATHS = (
					"$(inherited)",
					"@executable_path/Frameworks",
				);
				MARKETING_VERSION = 1.0;
				PRODUCT_BUNDLE_IDENTIFIER = com.blanxlait.cwcarver;
				PRODUCT_NAME = "$(TARGET_NAME)";
				SWIFT_EMIT_LOC_STRINGS = YES;
				SWIFT_VERSION = 5.0;
				TARGETED_DEVICE_FAMILY = "1,2";
			};
			name = Debug;
		};
		H03 /* Release */ = {
			isa = XCBuildConfiguration;
			buildSettings = {
				ASSETCATALOG_COMPILER_APPICON_NAME = AppIcon;
				ASSETCATALOG_COMPILER_GLOBAL_ACCENT_COLOR_NAME = AccentColor;
				CODE_SIGN_STYLE = Automatic;
				CURRENT_PROJECT_VERSION = 1;
				DEVELOPMENT_TEAM = GCRLV5UC4Q;
				ENABLE_PREVIEWS = YES;
				GENERATE_INFOPLIST_FILE = YES;
				INFOPLIST_FILE = Info.plist;
				INFOPLIST_KEY_CFBundleDisplayName = CWCarver;
				INFOPLIST_KEY_UIApplicationSceneManifest_Generation = YES;
				INFOPLIST_KEY_UIApplicationSupportsIndirectInputEvents = YES;
				INFOPLIST_KEY_UILaunchScreen_Generation = YES;
				INFOPLIST_KEY_UISupportedInterfaceOrientations_iPad = "UIInterfaceOrientationPortrait UIInterfaceOrientationPortraitUpsideDown UIInterfaceOrientationLandscapeLeft UIInterfaceOrientationLandscapeRight";
				INFOPLIST_KEY_UISupportedInterfaceOrientations_iPhone = "UIInterfaceOrientationPortrait UIInterfaceOrientationLandscapeLeft UIInterfaceOrientationLandscapeRight";
				LD_RUNPATH_SEARCH_PATHS = (
					"$(inherited)",
					"@executable_path/Frameworks",
				);
				MARKETING_VERSION = 1.0;
				PRODUCT_BUNDLE_IDENTIFIER = com.blanxlait.cwcarver;
				PRODUCT_NAME = "$(TARGET_NAME)";
				SWIFT_EMIT_LOC_STRINGS = YES;
				SWIFT_VERSION = 5.0;
				TARGETED_DEVICE_FAMILY = "1,2";
			};
			name = Release;
		};
		T06 /* Debug */ = {
			isa = XCBuildConfiguration;
			buildSettings = {
				BUNDLE_LOADER = "$(TEST_HOST)";
				CODE_SIGN_STYLE = Automatic;
				CURRENT_PROJECT_VERSION = 1;
				DEVELOPMENT_TEAM = GCRLV5UC4Q;
				GENERATE_INFOPLIST_FILE = YES;
				IPHONEOS_DEPLOYMENT_TARGET = 17.0;
				MARKETING_VERSION = 1.0;
				PRODUCT_BUNDLE_IDENTIFIER = com.blanxlait.cwcarver.tests;
				PRODUCT_NAME = "$(TARGET_NAME)";
				SWIFT_EMIT_LOC_STRINGS = NO;
				SWIFT_VERSION = 5.0;
				TARGETED_DEVICE_FAMILY = "1,2";
				TEST_HOST = "$(BUILT_PRODUCTS_DIR)/MorseTrainer.app/$(BUNDLE_EXECUTABLE_FOLDER_PATH)/MorseTrainer";
			};
			name = Debug;
		};
		T07 /* Release */ = {
			isa = XCBuildConfiguration;
			buildSettings = {
				BUNDLE_LOADER = "$(TEST_HOST)";
				CODE_SIGN_STYLE = Automatic;
				CURRENT_PROJECT_VERSION = 1;
				DEVELOPMENT_TEAM = GCRLV5UC4Q;
				GENERATE_INFOPLIST_FILE = YES;
				IPHONEOS_DEPLOYMENT_TARGET = 17.0;
				MARKETING_VERSION = 1.0;
				PRODUCT_BUNDLE_IDENTIFIER = com.blanxlait.cwcarver.tests;
				PRODUCT_NAME = "$(TARGET_NAME)";
				SWIFT_EMIT_LOC_STRINGS = NO;
				SWIFT_VERSION = 5.0;
				TARGETED_DEVICE_FAMILY = "1,2";
				TEST_HOST = "$(BUILT_PRODUCTS_DIR)/MorseTrainer.app/$(BUNDLE_EXECUTABLE_FOLDER_PATH)/MorseTrainer";
			};
			name = Release;
		};
/* End XCBuildConfiguration section */

/* Begin XCConfigurationList section */
		F00 /* Build configuration list for PBXProject "MorseTrainer" */ = {
			isa = XCConfigurationList;
			buildConfigurations = (
				H00 /* Debug */,
				H01 /* Release */,
			);
			defaultConfigurationIsVisible = 0;
			defaultConfigurationName = Release;
		};
		F02 /* Build configuration list for PBXNativeTarget "MorseTrainer" */ = {
			isa = XCConfigurationList;
			buildConfigurations = (
				H02 /* Debug */,
				H03 /* Release */,
			);
			defaultConfigurationIsVisible = 0;
			defaultConfigurationName = Release;
		};
		T05 /* Build configuration list for PBXNativeTarget "MorseTrainerTests" */ = {
			isa = XCConfigurationList;
			buildConfigurations = (
				T06 /* Debug */,
				T07 /* Release */,
			);
			defaultConfigurationIsVisible = 0;
			defaultConfigurationName = Release;
		};
/* End XCConfigurationList section */
	};
	rootObject = G00 /* Project object */;
}
